// !$*UTF8*$!
{
	archiveVersion = 1;
	classes = {
	};
	objectVersion = 46;
	objects = {

/* Begin PBXBuildFile section */
		1866CD221D3BA32C006DF599 /* TWNavigationController.m in Sources */ = {isa = PBXBuildFile; fileRef = 1866CD211D3BA32C006DF599 /* TWNavigationController.m */; };
		18737ED81D37E3650039A71F /* Assets.xcassets in Resources */ = {isa = PBXBuildFile; fileRef = 18737ED71D37E3650039A71F /* Assets.xcassets */; };
		18737EE61D37E3650039A71F /* MyWeiboTests.m in Sources */ = {isa = PBXBuildFile; fileRef = 18737EE51D37E3650039A71F /* MyWeiboTests.m */; };
		18737EF11D37E3650039A71F /* MyWeiboUITests.m in Sources */ = {isa = PBXBuildFile; fileRef = 18737EF01D37E3650039A71F /* MyWeiboUITests.m */; };
		18F7ABF91D3E73D800976A84 /* UIView+Extension.m in Sources */ = {isa = PBXBuildFile; fileRef = 18F7ABF81D3E73D800976A84 /* UIView+Extension.m */; };
		18FC8F721D3B9ED90049C4B3 /* DiscoverTableViewController.m in Sources */ = {isa = PBXBuildFile; fileRef = 18FC8F4E1D3B9ED90049C4B3 /* DiscoverTableViewController.m */; };
		18FC8F731D3B9ED90049C4B3 /* HomeTableViewController.m in Sources */ = {isa = PBXBuildFile; fileRef = 18FC8F541D3B9ED90049C4B3 /* HomeTableViewController.m */; };
		18FC8F741D3B9ED90049C4B3 /* UIImage+Extension.m in Sources */ = {isa = PBXBuildFile; fileRef = 18FC8F5A1D3B9ED90049C4B3 /* UIImage+Extension.m */; };
		18FC8F761D3B9ED90049C4B3 /* TWTabbarViewController.m in Sources */ = {isa = PBXBuildFile; fileRef = 18FC8F5F1D3B9ED90049C4B3 /* TWTabbarViewController.m */; };
		18FC8F771D3B9ED90049C4B3 /* AppDelegate.m in Sources */ = {isa = PBXBuildFile; fileRef = 18FC8F631D3B9ED90049C4B3 /* AppDelegate.m */; };
		18FC8F781D3B9ED90049C4B3 /* main.m in Sources */ = {isa = PBXBuildFile; fileRef = 18FC8F641D3B9ED90049C4B3 /* main.m */; };
		18FC8F791D3B9ED90049C4B3 /* MessageTableViewController.m in Sources */ = {isa = PBXBuildFile; fileRef = 18FC8F691D3B9ED90049C4B3 /* MessageTableViewController.m */; };
		18FC8F7A1D3B9ED90049C4B3 /* MeTableViewController.m in Sources */ = {isa = PBXBuildFile; fileRef = 18FC8F6F1D3B9ED90049C4B3 /* MeTableViewController.m */; };
/* End PBXBuildFile section */

/* Begin PBXContainerItemProxy section */
		18737EE21D37E3650039A71F /* PBXContainerItemProxy */ = {
			isa = PBXContainerItemProxy;
			containerPortal = 18737EC01D37E3650039A71F /* Project object */;
			proxyType = 1;
			remoteGlobalIDString = 18737EC71D37E3650039A71F;
			remoteInfo = MyWeibo;
		};
		18737EED1D37E3650039A71F /* PBXContainerItemProxy */ = {
			isa = PBXContainerItemProxy;
			containerPortal = 18737EC01D37E3650039A71F /* Project object */;
			proxyType = 1;
			remoteGlobalIDString = 18737EC71D37E3650039A71F;
			remoteInfo = MyWeibo;
		};
/* End PBXContainerItemProxy section */

/* Begin PBXFileReference section */
		185FF3E61D39F76500018518 /* MyWeibo.pch */ = {isa = PBXFileReference; lastKnownFileType = sourcecode.c.h; path = MyWeibo.pch; sourceTree = "<group>"; };
		1866CD201D3BA32C006DF599 /* TWNavigationController.h */ = {isa = PBXFileReference; fileEncoding = 4; lastKnownFileType = sourcecode.c.h; path = TWNavigationController.h; sourceTree = "<group>"; };
		1866CD211D3BA32C006DF599 /* TWNavigationController.m */ = {isa = PBXFileReference; fileEncoding = 4; lastKnownFileType = sourcecode.c.objc; path = TWNavigationController.m; sourceTree = "<group>"; };
		18737EC81D37E3650039A71F /* MyWeibo.app */ = {isa = PBXFileReference; explicitFileType = wrapper.application; includeInIndex = 0; path = MyWeibo.app; sourceTree = BUILT_PRODUCTS_DIR; };
		18737ED71D37E3650039A71F /* Assets.xcassets */ = {isa = PBXFileReference; lastKnownFileType = folder.assetcatalog; path = Assets.xcassets; sourceTree = "<group>"; };
		18737EDC1D37E3650039A71F /* Info.plist */ = {isa = PBXFileReference; lastKnownFileType = text.plist.xml; path = Info.plist; sourceTree = "<group>"; };
		18737EE11D37E3650039A71F /* MyWeiboTests.xctest */ = {isa = PBXFileReference; explicitFileType = wrapper.cfbundle; includeInIndex = 0; path = MyWeiboTests.xctest; sourceTree = BUILT_PRODUCTS_DIR; };
		18737EE51D37E3650039A71F /* MyWeiboTests.m */ = {isa = PBXFileReference; lastKnownFileType = sourcecode.c.objc; path = MyWeiboTests.m; sourceTree = "<group>"; };
		18737EE71D37E3650039A71F /* Info.plist */ = {isa = PBXFileReference; lastKnownFileType = text.plist.xml; path = Info.plist; sourceTree = "<group>"; };
		18737EEC1D37E3650039A71F /* MyWeiboUITests.xctest */ = {isa = PBXFileReference; explicitFileType = wrapper.cfbundle; includeInIndex = 0; path = MyWeiboUITests.xctest; sourceTree = BUILT_PRODUCTS_DIR; };
		18737EF01D37E3650039A71F /* MyWeiboUITests.m */ = {isa = PBXFileReference; lastKnownFileType = sourcecode.c.objc; path = MyWeiboUITests.m; sourceTree = "<group>"; };
		18737EF21D37E3650039A71F /* Info.plist */ = {isa = PBXFileReference; lastKnownFileType = text.plist.xml; path = Info.plist; sourceTree = "<group>"; };
		18F7ABF71D3E73D800976A84 /* UIView+Extension.h */ = {isa = PBXFileReference; fileEncoding = 4; lastKnownFileType = sourcecode.c.h; path = "UIView+Extension.h"; sourceTree = "<group>"; };
		18F7ABF81D3E73D800976A84 /* UIView+Extension.m */ = {isa = PBXFileReference; fileEncoding = 4; lastKnownFileType = sourcecode.c.objc; path = "UIView+Extension.m"; sourceTree = "<group>"; };
		18FC8F4D1D3B9ED90049C4B3 /* DiscoverTableViewController.h */ = {isa = PBXFileReference; fileEncoding = 4; lastKnownFileType = sourcecode.c.h; path = DiscoverTableViewController.h; sourceTree = "<group>"; };
		18FC8F4E1D3B9ED90049C4B3 /* DiscoverTableViewController.m */ = {isa = PBXFileReference; fileEncoding = 4; lastKnownFileType = sourcecode.c.objc; path = DiscoverTableViewController.m; sourceTree = "<group>"; };
		18FC8F531D3B9ED90049C4B3 /* HomeTableViewController.h */ = {isa = PBXFileReference; fileEncoding = 4; lastKnownFileType = sourcecode.c.h; path = HomeTableViewController.h; sourceTree = "<group>"; };
		18FC8F541D3B9ED90049C4B3 /* HomeTableViewController.m */ = {isa = PBXFileReference; fileEncoding = 4; lastKnownFileType = sourcecode.c.objc; path = HomeTableViewController.m; sourceTree = "<group>"; };
		18FC8F591D3B9ED90049C4B3 /* UIImage+Extension.h */ = {isa = PBXFileReference; fileEncoding = 4; lastKnownFileType = sourcecode.c.h; path = "UIImage+Extension.h"; sourceTree = "<group>"; };
		18FC8F5A1D3B9ED90049C4B3 /* UIImage+Extension.m */ = {isa = PBXFileReference; fileEncoding = 4; lastKnownFileType = sourcecode.c.objc; path = "UIImage+Extension.m"; sourceTree = "<group>"; };
		18FC8F5E1D3B9ED90049C4B3 /* TWTabbarViewController.h */ = {isa = PBXFileReference; fileEncoding = 4; lastKnownFileType = sourcecode.c.h; path = TWTabbarViewController.h; sourceTree = "<group>"; };
		18FC8F5F1D3B9ED90049C4B3 /* TWTabbarViewController.m */ = {isa = PBXFileReference; fileEncoding = 4; lastKnownFileType = sourcecode.c.objc; path = TWTabbarViewController.m; sourceTree = "<group>"; };
		18FC8F621D3B9ED90049C4B3 /* AppDelegate.h */ = {isa = PBXFileReference; fileEncoding = 4; lastKnownFileType = sourcecode.c.h; path = AppDelegate.h; sourceTree = "<group>"; };
		18FC8F631D3B9ED90049C4B3 /* AppDelegate.m */ = {isa = PBXFileReference; fileEncoding = 4; lastKnownFileType = sourcecode.c.objc; path = AppDelegate.m; sourceTree = "<group>"; };
		18FC8F641D3B9ED90049C4B3 /* main.m */ = {isa = PBXFileReference; fileEncoding = 4; lastKnownFileType = sourcecode.c.objc; path = main.m; sourceTree = "<group>"; };
		18FC8F681D3B9ED90049C4B3 /* MessageTableViewController.h */ = {isa = PBXFileReference; fileEncoding = 4; lastKnownFileType = sourcecode.c.h; path = MessageTableViewController.h; sourceTree = "<group>"; };
		18FC8F691D3B9ED90049C4B3 /* MessageTableViewController.m */ = {isa = PBXFileReference; fileEncoding = 4; lastKnownFileType = sourcecode.c.objc; path = MessageTableViewController.m; sourceTree = "<group>"; };
		18FC8F6E1D3B9ED90049C4B3 /* MeTableViewController.h */ = {isa = PBXFileReference; fileEncoding = 4; lastKnownFileType = sourcecode.c.h; path = MeTableViewController.h; sourceTree = "<group>"; };
		18FC8F6F1D3B9ED90049C4B3 /* MeTableViewController.m */ = {isa = PBXFileReference; fileEncoding = 4; lastKnownFileType = sourcecode.c.objc; path = MeTableViewController.m; sourceTree = "<group>"; };
/* End PBXFileReference section */

/* Begin PBXFrameworksBuildPhase section */
		18737EC51D37E3650039A71F /* Frameworks */ = {
			isa = PBXFrameworksBuildPhase;
			buildActionMask = 2147483647;
			files = (
			);
			runOnlyForDeploymentPostprocessing = 0;
		};
		18737EDE1D37E3650039A71F /* Frameworks */ = {
			isa = PBXFrameworksBuildPhase;
			buildActionMask = 2147483647;
			files = (
			);
			runOnlyForDeploymentPostprocessing = 0;
		};
		18737EE91D37E3650039A71F /* Frameworks */ = {
			isa = PBXFrameworksBuildPhase;
			buildActionMask = 2147483647;
			files = (
			);
			runOnlyForDeploymentPostprocessing = 0;
		};
/* End PBXFrameworksBuildPhase section */

/* Begin PBXGroup section */
		18737EBF1D37E3650039A71F = {
			isa = PBXGroup;
			children = (
				18737ECA1D37E3650039A71F /* MyWeibo */,
				18737EE41D37E3650039A71F /* MyWeiboTests */,
				18737EEF1D37E3650039A71F /* MyWeiboUITests */,
				18737EC91D37E3650039A71F /* Products */,
			);
			sourceTree = "<group>";
		};
		18737EC91D37E3650039A71F /* Products */ = {
			isa = PBXGroup;
			children = (
				18737EC81D37E3650039A71F /* MyWeibo.app */,
				18737EE11D37E3650039A71F /* MyWeiboTests.xctest */,
				18737EEC1D37E3650039A71F /* MyWeiboUITests.xctest */,
			);
			name = Products;
			sourceTree = "<group>";
		};
		18737ECA1D37E3650039A71F /* MyWeibo */ = {
			isa = PBXGroup;
			children = (
				18FC8F4A1D3B9ED90049C4B3 /* Classes */,
				18737ED71D37E3650039A71F /* Assets.xcassets */,
				18737EDC1D37E3650039A71F /* Info.plist */,
				18737ECB1D37E3650039A71F /* Supporting Files */,
			);
			path = MyWeibo;
			sourceTree = "<group>";
		};
		18737ECB1D37E3650039A71F /* Supporting Files */ = {
			isa = PBXGroup;
			children = (
				185FF3E61D39F76500018518 /* MyWeibo.pch */,
			);
			name = "Supporting Files";
			sourceTree = "<group>";
		};
		18737EE41D37E3650039A71F /* MyWeiboTests */ = {
			isa = PBXGroup;
			children = (
				18737EE51D37E3650039A71F /* MyWeiboTests.m */,
				18737EE71D37E3650039A71F /* Info.plist */,
			);
			path = MyWeiboTests;
			sourceTree = "<group>";
		};
		18737EEF1D37E3650039A71F /* MyWeiboUITests */ = {
			isa = PBXGroup;
			children = (
				18737EF01D37E3650039A71F /* MyWeiboUITests.m */,
				18737EF21D37E3650039A71F /* Info.plist */,
			);
			path = MyWeiboUITests;
			sourceTree = "<group>";
		};
		18FC8F4A1D3B9ED90049C4B3 /* Classes */ = {
			isa = PBXGroup;
			children = (
				18FC8F4B1D3B9ED90049C4B3 /* Discover(发现) */,
				18FC8F511D3B9ED90049C4B3 /* Home(首页) */,
				18FC8F571D3B9ED90049C4B3 /* Main(主要) */,
				18FC8F661D3B9ED90049C4B3 /* Message(消息) */,
				18FC8F6C1D3B9ED90049C4B3 /* Profile(我) */,
			);
			path = Classes;
			sourceTree = "<group>";
		};
		18FC8F4B1D3B9ED90049C4B3 /* Discover(发现) */ = {
			isa = PBXGroup;
			children = (
				18FC8F4C1D3B9ED90049C4B3 /* Controller */,
				18FC8F4F1D3B9ED90049C4B3 /* Model */,
				18FC8F501D3B9ED90049C4B3 /* View */,
			);
			path = "Discover(发现)";
			sourceTree = "<group>";
		};
		18FC8F4C1D3B9ED90049C4B3 /* Controller */ = {
			isa = PBXGroup;
			children = (
				18FC8F4D1D3B9ED90049C4B3 /* DiscoverTableViewController.h */,
				18FC8F4E1D3B9ED90049C4B3 /* DiscoverTableViewController.m */,
			);
			path = Controller;
			sourceTree = "<group>";
		};
		18FC8F4F1D3B9ED90049C4B3 /* Model */ = {
			isa = PBXGroup;
			children = (
			);
			path = Model;
			sourceTree = "<group>";
		};
		18FC8F501D3B9ED90049C4B3 /* View */ = {
			isa = PBXGroup;
			children = (
			);
			path = View;
			sourceTree = "<group>";
		};
		18FC8F511D3B9ED90049C4B3 /* Home(首页) */ = {
			isa = PBXGroup;
			children = (
				18FC8F521D3B9ED90049C4B3 /* Controller */,
				18FC8F551D3B9ED90049C4B3 /* Model */,
				18FC8F561D3B9ED90049C4B3 /* View */,
			);
			path = "Home(首页)";
			sourceTree = "<group>";
		};
		18FC8F521D3B9ED90049C4B3 /* Controller */ = {
			isa = PBXGroup;
			children = (
				18FC8F531D3B9ED90049C4B3 /* HomeTableViewController.h */,
				18FC8F541D3B9ED90049C4B3 /* HomeTableViewController.m */,
			);
			path = Controller;
			sourceTree = "<group>";
		};
		18FC8F551D3B9ED90049C4B3 /* Model */ = {
			isa = PBXGroup;
			children = (
			);
			path = Model;
			sourceTree = "<group>";
		};
		18FC8F561D3B9ED90049C4B3 /* View */ = {
			isa = PBXGroup;
			children = (
			);
			path = View;
			sourceTree = "<group>";
		};
		18FC8F571D3B9ED90049C4B3 /* Main(主要) */ = {
			isa = PBXGroup;
			children = (
				18FC8F581D3B9ED90049C4B3 /* Category */,
				18FC8F5B1D3B9ED90049C4B3 /* Controller */,
				18FC8F601D3B9ED90049C4B3 /* Model */,
				18FC8F611D3B9ED90049C4B3 /* Other */,
				18FC8F651D3B9ED90049C4B3 /* View */,
			);
			path = "Main(主要)";
			sourceTree = "<group>";
		};
		18FC8F581D3B9ED90049C4B3 /* Category */ = {
			isa = PBXGroup;
			children = (
				18F7ABF71D3E73D800976A84 /* UIView+Extension.h */,
				18F7ABF81D3E73D800976A84 /* UIView+Extension.m */,
				18FC8F591D3B9ED90049C4B3 /* UIImage+Extension.h */,
				18FC8F5A1D3B9ED90049C4B3 /* UIImage+Extension.m */,
			);
			path = Category;
			sourceTree = "<group>";
		};
		18FC8F5B1D3B9ED90049C4B3 /* Controller */ = {
			isa = PBXGroup;
			children = (
				1866CD201D3BA32C006DF599 /* TWNavigationController.h */,
				1866CD211D3BA32C006DF599 /* TWNavigationController.m */,
				18FC8F5E1D3B9ED90049C4B3 /* TWTabbarViewController.h */,
				18FC8F5F1D3B9ED90049C4B3 /* TWTabbarViewController.m */,
			);
			path = Controller;
			sourceTree = "<group>";
		};
		18FC8F601D3B9ED90049C4B3 /* Model */ = {
			isa = PBXGroup;
			children = (
			);
			path = Model;
			sourceTree = "<group>";
		};
		18FC8F611D3B9ED90049C4B3 /* Other */ = {
			isa = PBXGroup;
			children = (
				18FC8F621D3B9ED90049C4B3 /* AppDelegate.h */,
				18FC8F631D3B9ED90049C4B3 /* AppDelegate.m */,
				18FC8F641D3B9ED90049C4B3 /* main.m */,
			);
			path = Other;
			sourceTree = "<group>";
		};
		18FC8F651D3B9ED90049C4B3 /* View */ = {
			isa = PBXGroup;
			children = (
			);
			path = View;
			sourceTree = "<group>";
		};
		18FC8F661D3B9ED90049C4B3 /* Message(消息) */ = {
			isa = PBXGroup;
			children = (
				18FC8F671D3B9ED90049C4B3 /* Controller */,
				18FC8F6A1D3B9ED90049C4B3 /* Model */,
				18FC8F6B1D3B9ED90049C4B3 /* View */,
			);
			path = "Message(消息)";
			sourceTree = "<group>";
		};
		18FC8F671D3B9ED90049C4B3 /* Controller */ = {
			isa = PBXGroup;
			children = (
				18FC8F681D3B9ED90049C4B3 /* MessageTableViewController.h */,
				18FC8F691D3B9ED90049C4B3 /* MessageTableViewController.m */,
			);
			path = Controller;
			sourceTree = "<group>";
		};
		18FC8F6A1D3B9ED90049C4B3 /* Model */ = {
			isa = PBXGroup;
			children = (
			);
			path = Model;
			sourceTree = "<group>";
		};
		18FC8F6B1D3B9ED90049C4B3 /* View */ = {
			isa = PBXGroup;
			children = (
			);
			path = View;
			sourceTree = "<group>";
		};
		18FC8F6C1D3B9ED90049C4B3 /* Profile(我) */ = {
			isa = PBXGroup;
			children = (
				18FC8F6D1D3B9ED90049C4B3 /* Controller */,
				18FC8F701D3B9ED90049C4B3 /* Model */,
				18FC8F711D3B9ED90049C4B3 /* View */,
			);
			path = "Profile(我)";
			sourceTree = "<group>";
		};
		18FC8F6D1D3B9ED90049C4B3 /* Controller */ = {
			isa = PBXGroup;
			children = (
				18FC8F6E1D3B9ED90049C4B3 /* MeTableViewController.h */,
				18FC8F6F1D3B9ED90049C4B3 /* MeTableViewController.m */,
			);
			path = Controller;
			sourceTree = "<group>";
		};
		18FC8F701D3B9ED90049C4B3 /* Model */ = {
			isa = PBXGroup;
			children = (
			);
			path = Model;
			sourceTree = "<group>";
		};
		18FC8F711D3B9ED90049C4B3 /* View */ = {
			isa = PBXGroup;
			children = (
			);
			path = View;
			sourceTree = "<group>";
		};
/* End PBXGroup section */

/* Begin PBXNativeTarget section */
		18737EC71D37E3650039A71F /* MyWeibo */ = {
			isa = PBXNativeTarget;
			buildConfigurationList = 18737EF51D37E3650039A71F /* Build configuration list for PBXNativeTarget "MyWeibo" */;
			buildPhases = (
				18737EC41D37E3650039A71F /* Sources */,
				18737EC51D37E3650039A71F /* Frameworks */,
				18737EC61D37E3650039A71F /* Resources */,
			);
			buildRules = (
			);
			dependencies = (
			);
			name = MyWeibo;
			productName = MyWeibo;
			productReference = 18737EC81D37E3650039A71F /* MyWeibo.app */;
			productType = "com.apple.product-type.application";
		};
		18737EE01D37E3650039A71F /* MyWeiboTests */ = {
			isa = PBXNativeTarget;
			buildConfigurationList = 18737EF81D37E3650039A71F /* Build configuration list for PBXNativeTarget "MyWeiboTests" */;
			buildPhases = (
				18737EDD1D37E3650039A71F /* Sources */,
				18737EDE1D37E3650039A71F /* Frameworks */,
				18737EDF1D37E3650039A71F /* Resources */,
			);
			buildRules = (
			);
			dependencies = (
				18737EE31D37E3650039A71F /* PBXTargetDependency */,
			);
			name = MyWeiboTests;
			productName = MyWeiboTests;
			productReference = 18737EE11D37E3650039A71F /* MyWeiboTests.xctest */;
			productType = "com.apple.product-type.bundle.unit-test";
		};
		18737EEB1D37E3650039A71F /* MyWeiboUITests */ = {
			isa = PBXNativeTarget;
			buildConfigurationList = 18737EFB1D37E3650039A71F /* Build configuration list for PBXNativeTarget "MyWeiboUITests" */;
			buildPhases = (
				18737EE81D37E3650039A71F /* Sources */,
				18737EE91D37E3650039A71F /* Frameworks */,
				18737EEA1D37E3650039A71F /* Resources */,
			);
			buildRules = (
			);
			dependencies = (
				18737EEE1D37E3650039A71F /* PBXTargetDependency */,
			);
			name = MyWeiboUITests;
			productName = MyWeiboUITests;
			productReference = 18737EEC1D37E3650039A71F /* MyWeiboUITests.xctest */;
			productType = "com.apple.product-type.bundle.ui-testing";
		};
/* End PBXNativeTarget section */

/* Begin PBXProject section */
		18737EC01D37E3650039A71F /* Project object */ = {
			isa = PBXProject;
			attributes = {
				LastUpgradeCheck = 0730;
				ORGANIZATIONNAME = Apple;
				TargetAttributes = {
					18737EC71D37E3650039A71F = {
						CreatedOnToolsVersion = 7.3;
					};
					18737EE01D37E3650039A71F = {
						CreatedOnToolsVersion = 7.3;
						TestTargetID = 18737EC71D37E3650039A71F;
					};
					18737EEB1D37E3650039A71F = {
						CreatedOnToolsVersion = 7.3;
						TestTargetID = 18737EC71D37E3650039A71F;
					};
				};
			};
			buildConfigurationList = 18737EC31D37E3650039A71F /* Build configuration list for PBXProject "MyWeibo" */;
			compatibilityVersion = "Xcode 3.2";
			developmentRegion = English;
			hasScannedForEncodings = 0;
			knownRegions = (
				en,
				Base,
			);
			mainGroup = 18737EBF1D37E3650039A71F;
			productRefGroup = 18737EC91D37E3650039A71F /* Products */;
			projectDirPath = "";
			projectRoot = "";
			targets = (
				18737EC71D37E3650039A71F /* MyWeibo */,
				18737EE01D37E3650039A71F /* MyWeiboTests */,
				18737EEB1D37E3650039A71F /* MyWeiboUITests */,
			);
		};
/* End PBXProject section */

/* Begin PBXResourcesBuildPhase section */
		18737EC61D37E3650039A71F /* Resources */ = {
			isa = PBXResourcesBuildPhase;
			buildActionMask = 2147483647;
			files = (
				18737ED81D37E3650039A71F /* Assets.xcassets in Resources */,
			);
			runOnlyForDeploymentPostprocessing = 0;
		};
		18737EDF1D37E3650039A71F /* Resources */ = {
			isa = PBXResourcesBuildPhase;
			buildActionMask = 2147483647;
			files = (
			);
			runOnlyForDeploymentPostprocessing = 0;
		};
		18737EEA1D37E3650039A71F /* Resources */ = {
			isa = PBXResourcesBuildPhase;
			buildActionMask = 2147483647;
			files = (
			);
			runOnlyForDeploymentPostprocessing = 0;
		};
/* End PBXResourcesBuildPhase section */

/* Begin PBXSourcesBuildPhase section */
		18737EC41D37E3650039A71F /* Sources */ = {
			isa = PBXSourcesBuildPhase;
			buildActionMask = 2147483647;
			files = (
				18F7ABF91D3E73D800976A84 /* UIView+Extension.m in Sources */,
				1866CD221D3BA32C006DF599 /* TWNavigationController.m in Sources */,
				18FC8F761D3B9ED90049C4B3 /* TWTabbarViewController.m in Sources */,
				18FC8F741D3B9ED90049C4B3 /* UIImage+Extension.m in Sources */,
				18FC8F771D3B9ED90049C4B3 /* AppDelegate.m in Sources */,
				18FC8F791D3B9ED90049C4B3 /* MessageTableViewController.m in Sources */,
				18FC8F731D3B9ED90049C4B3 /* HomeTableViewController.m in Sources */,
				18FC8F781D3B9ED90049C4B3 /* main.m in Sources */,
				18FC8F7A1D3B9ED90049C4B3 /* MeTableViewController.m in Sources */,
				18FC8F721D3B9ED90049C4B3 /* DiscoverTableViewController.m in Sources */,
			);
			runOnlyForDeploymentPostprocessing = 0;
		};
		18737EDD1D37E3650039A71F /* Sources */ = {
			isa = PBXSourcesBuildPhase;
			buildActionMask = 2147483647;
			files = (
				18737EE61D37E3650039A71F /* MyWeiboTests.m in Sources */,
			);
			runOnlyForDeploymentPostprocessing = 0;
		};
		18737EE81D37E3650039A71F /* Sources */ = {
			isa = PBXSourcesBuildPhase;
			buildActionMask = 2147483647;
			files = (
				18737EF11D37E3650039A71F /* MyWeiboUITests.m in Sources */,
			);
			runOnlyForDeploymentPostprocessing = 0;
		};
/* End PBXSourcesBuildPhase section */

/* Begin PBXTargetDependency section */
		18737EE31D37E3650039A71F /* PBXTargetDependency */ = {
			isa = PBXTargetDependency;
			target = 18737EC71D37E3650039A71F /* MyWeibo */;
			targetProxy = 18737EE21D37E3650039A71F /* PBXContainerItemProxy */;
		};
		18737EEE1D37E3650039A71F /* PBXTargetDependency */ = {
			isa = PBXTargetDependency;
			target = 18737EC71D37E3650039A71F /* MyWeibo */;
			targetProxy = 18737EED1D37E3650039A71F /* PBXContainerItemProxy */;
		};
/* End PBXTargetDependency section */

/* Begin XCBuildConfiguration section */
		18737EF31D37E3650039A71F /* Debug */ = {
			isa = XCBuildConfiguration;
			buildSettings = {
				ALWAYS_SEARCH_USER_PATHS = NO;
				CLANG_ANALYZER_NONNULL = YES;
				CLANG_CXX_LANGUAGE_STANDARD = "gnu++0x";
				CLANG_CXX_LIBRARY = "libc++";
				CLANG_ENABLE_MODULES = YES;
				CLANG_ENABLE_OBJC_ARC = YES;
				CLANG_WARN_BOOL_CONVERSION = YES;
				CLANG_WARN_CONSTANT_CONVERSION = YES;
				CLANG_WARN_DIRECT_OBJC_ISA_USAGE = YES_ERROR;
				CLANG_WARN_EMPTY_BODY = YES;
				CLANG_WARN_ENUM_CONVERSION = YES;
				CLANG_WARN_INT_CONVERSION = YES;
				CLANG_WARN_OBJC_ROOT_CLASS = YES_ERROR;
				CLANG_WARN_UNREACHABLE_CODE = YES;
				CLANG_WARN__DUPLICATE_METHOD_MATCH = YES;
				"CODE_SIGN_IDENTITY[sdk=iphoneos*]" = "iPhone Developer";
				COPY_PHASE_STRIP = NO;
				DEBUG_INFORMATION_FORMAT = dwarf;
				ENABLE_STRICT_OBJC_MSGSEND = YES;
				ENABLE_TESTABILITY = YES;
				GCC_C_LANGUAGE_STANDARD = gnu99;
				GCC_DYNAMIC_NO_PIC = NO;
				GCC_NO_COMMON_BLOCKS = YES;
				GCC_OPTIMIZATION_LEVEL = 0;
				GCC_PREPROCESSOR_DEFINITIONS = (
					"DEBUG=1",
					"$(inherited)",
				);
				GCC_WARN_64_TO_32_BIT_CONVERSION = YES;
				GCC_WARN_ABOUT_RETURN_TYPE = YES_ERROR;
				GCC_WARN_UNDECLARED_SELECTOR = YES;
				GCC_WARN_UNINITIALIZED_AUTOS = YES_AGGRESSIVE;
				GCC_WARN_UNUSED_FUNCTION = YES;
				GCC_WARN_UNUSED_VARIABLE = YES;
				IPHONEOS_DEPLOYMENT_TARGET = 9.3;
				MTL_ENABLE_DEBUG_INFO = YES;
				ONLY_ACTIVE_ARCH = YES;
				SDKROOT = iphoneos;
			};
			name = Debug;
		};
		18737EF41D37E3650039A71F /* Release */ = {
			isa = XCBuildConfiguration;
			buildSettings = {
				ALWAYS_SEARCH_USER_PATHS = NO;
				CLANG_ANALYZER_NONNULL = YES;
				CLANG_CXX_LANGUAGE_STANDARD = "gnu++0x";
				CLANG_CXX_LIBRARY = "libc++";
				CLANG_ENABLE_MODULES = YES;
				CLANG_ENABLE_OBJC_ARC = YES;
				CLANG_WARN_BOOL_CONVERSION = YES;
				CLANG_WARN_CONSTANT_CONVERSION = YES;
				CLANG_WARN_DIRECT_OBJC_ISA_USAGE = YES_ERROR;
				CLANG_WARN_EMPTY_BODY = YES;
				CLANG_WARN_ENUM_CONVERSION = YES;
				CLANG_WARN_INT_CONVERSION = YES;
				CLANG_WARN_OBJC_ROOT_CLASS = YES_ERROR;
				CLANG_WARN_UNREACHABLE_CODE = YES;
				CLANG_WARN__DUPLICATE_METHOD_MATCH = YES;
				"CODE_SIGN_IDENTITY[sdk=iphoneos*]" = "iPhone Developer";
				COPY_PHASE_STRIP = NO;
				DEBUG_INFORMATION_FORMAT = "dwarf-with-dsym";
				ENABLE_NS_ASSERTIONS = NO;
				ENABLE_STRICT_OBJC_MSGSEND = YES;
				GCC_C_LANGUAGE_STANDARD = gnu99;
				GCC_NO_COMMON_BLOCKS = YES;
				GCC_WARN_64_TO_32_BIT_CONVERSION = YES;
				GCC_WARN_ABOUT_RETURN_TYPE = YES_ERROR;
				GCC_WARN_UNDECLARED_SELECTOR = YES;
				GCC_WARN_UNINITIALIZED_AUTOS = YES_AGGRESSIVE;
				GCC_WARN_UNUSED_FUNCTION = YES;
				GCC_WARN_UNUSED_VARIABLE = YES;
				IPHONEOS_DEPLOYMENT_TARGET = 9.3;
				MTL_ENABLE_DEBUG_INFO = NO;
				SDKROOT = iphoneos;
				VALIDATE_PRODUCT = YES;
			};
			name = Release;
		};
		18737EF61D37E3650039A71F /* Debug */ = {
			isa = XCBuildConfiguration;
			buildSettings = {
				ASSETCATALOG_COMPILER_APPICON_NAME = AppIcon;
				ASSETCATALOG_COMPILER_LAUNCHIMAGE_NAME = LaunchImage;
				GCC_PRECOMPILE_PREFIX_HEADER = NO;
				GCC_PREFIX_HEADER = "$(SRCROOT)/MyWeibo/MyWeibo.pch";
				INFOPLIST_FILE = MyWeibo/Info.plist;
				IPHONEOS_DEPLOYMENT_TARGET = 8.0;
				LD_RUNPATH_SEARCH_PATHS = "$(inherited) @executable_path/Frameworks";
				PRODUCT_BUNDLE_IDENTIFIER = com.shuoying.MyWeibo;
				PRODUCT_NAME = "$(TARGET_NAME)";
				SHARED_PRECOMPS_DIR = "$(CACHE_ROOT)/SharedPrecompiledHeaders/";
			};
			name = Debug;
		};
		18737EF71D37E3650039A71F /* Release */ = {
			isa = XCBuildConfiguration;
			buildSettings = {
				ASSETCATALOG_COMPILER_APPICON_NAME = AppIcon;
				ASSETCATALOG_COMPILER_LAUNCHIMAGE_NAME = LaunchImage;
				GCC_PRECOMPILE_PREFIX_HEADER = NO;
				GCC_PREFIX_HEADER = "$(SRCROOT)/MyWeibo/MyWeibo.pch";
				INFOPLIST_FILE = MyWeibo/Info.plist;
				IPHONEOS_DEPLOYMENT_TARGET = 8.0;
				LD_RUNPATH_SEARCH_PATHS = "$(inherited) @executable_path/Frameworks";
				PRODUCT_BUNDLE_IDENTIFIER = com.shuoying.MyWeibo;
				PRODUCT_NAME = "$(TARGET_NAME)";
				SHARED_PRECOMPS_DIR = "$(CACHE_ROOT)/SharedPrecompiledHeaders/";
			};
			name = Release;
		};
		18737EF91D37E3650039A71F /* Debug */ = {
			isa = XCBuildConfiguration;
			buildSettings = {
				BUNDLE_LOADER = "$(TEST_HOST)";
				INFOPLIST_FILE = MyWeiboTests/Info.plist;
				LD_RUNPATH_SEARCH_PATHS = "$(inherited) @executable_path/Frameworks @loader_path/Frameworks";
				PRODUCT_BUNDLE_IDENTIFIER = com.shuoying.MyWeiboTests;
				PRODUCT_NAME = "$(TARGET_NAME)";
				TEST_HOST = "$(BUILT_PRODUCTS_DIR)/MyWeibo.app/MyWeibo";
			};
			name = Debug;
		};
		18737EFA1D37E3650039A71F /* Release */ = {
			isa = XCBuildConfiguration;
			buildSettings = {
				BUNDLE_LOADER = "$(TEST_HOST)";
				INFOPLIST_FILE = MyWeiboTests/Info.plist;
				LD_RUNPATH_SEARCH_PATHS = "$(inherited) @executable_path/Frameworks @loader_path/Frameworks";
				PRODUCT_BUNDLE_IDENTIFIER = com.shuoying.MyWeiboTests;
				PRODUCT_NAME = "$(TARGET_NAME)";
				TEST_HOST = "$(BUILT_PRODUCTS_DIR)/MyWeibo.app/MyWeibo";
			};
			name = Release;
		};
		18737EFC1D37E3650039A71F /* Debug */ = {
			isa = XCBuildConfiguration;
			buildSettings = {
				INFOPLIST_FILE = MyWeiboUITests/Info.plist;
				LD_RUNPATH_SEARCH_PATHS = "$(inherited) @executable_path/Frameworks @loader_path/Frameworks";
				PRODUCT_BUNDLE_IDENTIFIER = com.shuoying.MyWeiboUITests;
				PRODUCT_NAME = "$(TARGET_NAME)";
				TEST_TARGET_NAME = MyWeibo;
			};
			name = Debug;
		};
		18737EFD1D37E3650039A71F /* Release */ = {
			isa = XCBuildConfiguration;
			buildSettings = {
				INFOPLIST_FILE = MyWeiboUITests/Info.plist;
				LD_RUNPATH_SEARCH_PATHS = "$(inherited) @executable_path/Frameworks @loader_path/Frameworks";
				PRODUCT_BUNDLE_IDENTIFIER = com.shuoying.MyWeiboUITests;
				PRODUCT_NAME = "$(TARGET_NAME)";
				TEST_TARGET_NAME = MyWeibo;
			};
			name = Release;
		};
/* End XCBuildConfiguration section */

/* Begin XCConfigurationList section */
		18737EC31D37E3650039A71F /* Build configuration list for PBXProject "MyWeibo" */ = {
			isa = XCConfigurationList;
			buildConfigurations = (
				18737EF31D37E3650039A71F /* Debug */,
				18737EF41D37E3650039A71F /* Release */,
			);
			defaultConfigurationIsVisible = 0;
			defaultConfigurationName = Release;
		};
		18737EF51D37E3650039A71F /* Build configuration list for PBXNativeTarget "MyWeibo" */ = {
			isa = XCConfigurationList;
			buildConfigurations = (
				18737EF61D37E3650039A71F /* Debug */,
				18737EF71D37E3650039A71F /* Release */,
			);
			defaultConfigurationIsVisible = 0;
			defaultConfigurationName = Release;
		};
		18737EF81D37E3650039A71F /* Build configuration list for PBXNativeTarget "MyWeiboTests" */ = {
			isa = XCConfigurationList;
			buildConfigurations = (
				18737EF91D37E3650039A71F /* Debug */,
				18737EFA1D37E3650039A71F /* Release */,
			);
			defaultConfigurationIsVisible = 0;
			defaultConfigurationName = Release;
		};
		18737EFB1D37E3650039A71F /* Build configuration list for PBXNativeTarget "MyWeiboUITests" */ = {
			isa = XCConfigurationList;
			buildConfigurations = (
				18737EFC1D37E3650039A71F /* Debug */,
				18737EFD1D37E3650039A71F /* Release */,
			);
			defaultConfigurationIsVisible = 0;
			defaultConfigurationName = Release;
		};
/* End XCConfigurationList section */
	};
	rootObject = 18737EC01D37E3650039A71F /* Project object */;
}
